
Microsoft Visual Studio Solution File, Format Version 12.00
# Visual Studio Version 17
VisualStudioVersion = 17.11.35303.130
MinimumVisualStudioVersion = 10.0.40219.1
Project("{9A19103F-16F7-4668-BE54-9A1E7A4F7556}") = "WebApplicationAndAzzureAd", "WebApplicationAndAzzureAd\WebApplicationAndAzzureAd.csproj", "{2FEB2DCC-DEC7-4F3E-A21B-62361FBC8CAE}"
EndProject
Project("{FAE04EC0-301F-11D3-BF4B-00C04F79EFBC}") = "ConsoleAppReadOnly", "ConsoleAppReadOnly\ConsoleAppReadOnly.csproj", "{35308250-5FB6-4E37-9E61-6DC828784F1C}"
EndProject
Project("{FAE04EC0-301F-11D3-BF4B-00C04F79EFBC}") = "ConsoleAppWriteOnly", "ConsoleAppWriteOnly\ConsoleAppWriteOnly.csproj", "{45ADB6EB-B8A7-46E3-AD7D-59471FAB0E2D}"
EndProject
Global
	GlobalSection(SolutionConfigurationPlatforms) = preSolution
		Debug|Any CPU = Debug|Any CPU
		Release|Any CPU = Release|Any CPU
	EndGlobalSection
	GlobalSection(ProjectConfigurationPlatforms) = postSolution
		{2FEB2DCC-DEC7-4F3E-A21B-62361FBC8CAE}.Debug|Any CPU.ActiveCfg = Debug|Any CPU
		{2FEB2DCC-DEC7-4F3E-A21B-62361FBC8CAE}.Debug|Any CPU.Build.0 = Debug|Any CPU
		{2FEB2DCC-DEC7-4F3E-A21B-62361FBC8CAE}.Release|Any CPU.ActiveCfg = Release|Any CPU
		{2FEB2DCC-DEC7-4F3E-A21B-62361FBC8CAE}.Release|Any CPU.Build.0 = Release|Any CPU
		{35308250-5FB6-4E37-9E61-6DC828784F1C}.Debug|Any CPU.ActiveCfg = Debug|Any CPU
		{35308250-5FB6-4E37-9E61-6DC828784F1C}.Debug|Any CPU.Build.0 = Debug|Any CPU
		{35308250-5FB6-4E37-9E61-6DC828784F1C}.Release|Any CPU.ActiveCfg = Release|Any CPU
		{35308250-5FB6-4E37-9E61-6DC828784F1C}.Release|Any CPU.Build.0 = Release|Any CPU
		{45ADB6EB-B8A7-46E3-AD7D-59471FAB0E2D}.Debug|Any CPU.ActiveCfg = Debug|Any CPU
		{45ADB6EB-B8A7-46E3-AD7D-59471FAB0E2D}.Debug|Any CPU.Build.0 = Debug|Any CPU
		{45ADB6EB-B8A7-46E3-AD7D-59471FAB0E2D}.Release|Any CPU.ActiveCfg = Release|Any CPU
		{45ADB6EB-B8A7-46E3-AD7D-59471FAB0E2D}.Release|Any CPU.Build.0 = Release|Any CPU
	EndGlobalSection
	GlobalSection(SolutionProperties) = preSolution
		HideSolutionNode = FALSE
	EndGlobalSection
	GlobalSection(ExtensibilityGlobals) = postSolution
		SolutionGuid = {68826F91-5BD7-4701-A47E-9BE9CCFD5746}
	EndGlobalSection
EndGlobal
